
Microsoft Visual Studio Solution File, Format Version 12.00
# Visual Studio Version 17
VisualStudioVersion = 17.14.36811.4 d17.14
MinimumVisualStudioVersion = 10.0.40219.1
Project("{FAE04EC0-301F-11D3-BF4B-00C04F79EFBC}") = "04Project", "04Project.csproj", "{5884CBEB-1C76-44D2-B796-1473AD98B2C6}"
EndProject
Global
	GlobalSection(SolutionConfigurationPlatforms) = preSolution
		Debug|Any CPU = Debug|Any CPU
		Release|Any CPU = Release|Any CPU
	EndGlobalSection
	GlobalSection(ProjectConfigurationPlatforms) = postSolution
		{5884CBEB-1C76-44D2-B796-1473AD98B2C6}.Debug|Any CPU.ActiveCfg = Debug|Any CPU
		{5884CBEB-1C76-44D2-B796-1473AD98B2C6}.Debug|Any CPU.Build.0 = Debug|Any CPU
		{5884CBEB-1C76-44D2-B796-1473AD98B2C6}.Release|Any CPU.ActiveCfg = Release|Any CPU
		{5884CBEB-1C76-44D2-B796-1473AD98B2C6}.Release|Any CPU.Build.0 = Release|Any CPU
	EndGlobalSection
	GlobalSection(SolutionProperties) = preSolution
		HideSolutionNode = FALSE
	EndGlobalSection
	GlobalSection(ExtensibilityGlobals) = postSolution
		SolutionGuid = {76D7A9D6-DE3C-4966-9638-B5A1B6DAC01A}
	EndGlobalSection
EndGlobal
